{
  "version": 4,
  "terraform_version": "1.9.1",
  "serial": 729,
  "lineage": "f7614509-d7ef-b60b-2218-997f7772f993",
  "outputs": {},
  "resources": [
    {
      "module": "module.ec2",
      "mode": "data",
      "type": "aws_security_group",
      "name": "default",
      "provider": "provider[\"registry.terraform.io/hashicorp/aws\"]",
      "instances": [
        {
          "schema_version": 0,
          "attributes": {
            "arn": "arn:aws:ec2:eu-west-2:058264126563:security-group/sg-01b2c79db3cd12185",
            "description": "default VPC security group",
            "filter": [
              {
                "name": "group-name",
                "values": [
                  "default"
                ]
              }
            ],
            "id": "sg-01b2c79db3cd12185",
            "name": "default",
            "tags": {},
            "timeouts": null,
            "vpc_id": "vpc-0cf9762367d8ec386"
          },
          "sensitive_attributes": []
        }
      ]
    },
    {
      "module": "module.ec2",
      "mode": "managed",
      "type": "aws_iam_instance_profile",
      "name": "ec2_role",
      "provider": "provider[\"registry.terraform.io/hashicorp/aws\"]",
      "instances": [
        {
          "schema_version": 0,
          "attributes": {
            "arn": "arn:aws:iam::058264126563:instance-profile/ec2-instance-profile",
            "create_date": "2024-08-03T06:09:06Z",
            "id": "ec2-instance-profile",
            "name": "ec2-instance-profile",
            "name_prefix": "",
            "path": "/",
            "role": "ec2-role",
            "tags": null,
            "tags_all": {},
            "unique_id": "AIPAQ3EGQARRYO6GJ5LJY"
          },
          "sensitive_attributes": [],
          "private": "bnVsbA==",
          "dependencies": [
            "module.ec2.aws_iam_role.ec2_role"
          ]
        }
      ]
    },
    {
      "module": "module.ec2",
      "mode": "managed",
      "type": "aws_iam_role",
      "name": "ec2_role",
      "provider": "provider[\"registry.terraform.io/hashicorp/aws\"]",
      "instances": [
        {
          "schema_version": 0,
          "attributes": {
            "arn": "arn:aws:iam::058264126563:role/ec2-role",
            "assume_role_policy": "{\"Statement\":[{\"Action\":\"sts:AssumeRole\",\"Effect\":\"Allow\",\"Principal\":{\"Service\":\"ec2.amazonaws.com\"}}],\"Version\":\"2012-10-17\"}",
            "create_date": "2024-08-03T06:09:05Z",
            "description": "",
            "force_detach_policies": false,
            "id": "ec2-role",
            "inline_policy": [],
            "managed_policy_arns": [],
            "max_session_duration": 3600,
            "name": "ec2-role",
            "name_prefix": "",
            "path": "/",
            "permissions_boundary": "",
            "tags": null,
            "tags_all": {},
            "unique_id": "AROAQ3EGQARRRUB5EFI3S"
          },
          "sensitive_attributes": [],
          "private": "bnVsbA=="
        }
      ]
    },
    {
      "module": "module.ec2",
      "mode": "managed",
      "type": "aws_iam_role_policy_attachment",
      "name": "ec2_role_policy",
      "provider": "provider[\"registry.terraform.io/hashicorp/aws\"]",
      "instances": [
        {
          "schema_version": 0,
          "attributes": {
            "id": "ec2-role-20240803060906093000000001",
            "policy_arn": "arn:aws:iam::aws:policy/AdministratorAccess",
            "role": "ec2-role"
          },
          "sensitive_attributes": [],
          "private": "bnVsbA==",
          "dependencies": [
            "module.ec2.aws_iam_role.ec2_role"
          ]
        }
      ]
    },
    {
      "module": "module.ec2",
      "mode": "managed",
      "type": "aws_instance",
      "name": "web",
      "provider": "provider[\"registry.terraform.io/hashicorp/aws\"]",
      "instances": [
        {
          "schema_version": 1,
          "attributes": {
            "ami": "ami-02b6c3b7e67e2c9d6",
            "arn": "arn:aws:ec2:eu-west-2:058264126563:instance/i-0e2626aec52291e27",
            "associate_public_ip_address": true,
            "availability_zone": "eu-west-2a",
            "capacity_reservation_specification": [
              {
                "capacity_reservation_preference": "open",
                "capacity_reservation_target": []
              }
            ],
            "cpu_core_count": 1,
            "cpu_options": [
              {
                "amd_sev_snp": "",
                "core_count": 1,
                "threads_per_core": 1
              }
            ],
            "cpu_threads_per_core": 1,
            "credit_specification": [
              {
                "cpu_credits": "standard"
              }
            ],
            "disable_api_stop": false,
            "disable_api_termination": false,
            "ebs_block_device": [],
            "ebs_optimized": false,
            "enclave_options": [
              {
                "enabled": false
              }
            ],
            "ephemeral_block_device": [],
            "get_password_data": false,
            "hibernation": false,
            "host_id": "",
            "host_resource_group_arn": null,
            "iam_instance_profile": "ec2-instance-profile",
            "id": "i-0e2626aec52291e27",
            "instance_initiated_shutdown_behavior": "stop",
            "instance_lifecycle": "",
            "instance_market_options": [],
            "instance_state": "running",
            "instance_type": "t2.micro",
            "ipv6_address_count": 0,
            "ipv6_addresses": [],
            "key_name": "smile2",
            "launch_template": [],
            "maintenance_options": [
              {
                "auto_recovery": "default"
              }
            ],
            "metadata_options": [
              {
                "http_endpoint": "enabled",
                "http_protocol_ipv6": "disabled",
                "http_put_response_hop_limit": 2,
                "http_tokens": "required",
                "instance_metadata_tags": "disabled"
              }
            ],
            "monitoring": false,
            "network_interface": [],
            "outpost_arn": "",
            "password_data": "",
            "placement_group": "",
            "placement_partition_number": 0,
            "primary_network_interface_id": "eni-088a9d6cbfc42d5dc",
            "private_dns": "ip-10-0-0-194.eu-west-2.compute.internal",
            "private_dns_name_options": [
              {
                "enable_resource_name_dns_a_record": false,
                "enable_resource_name_dns_aaaa_record": false,
                "hostname_type": "ip-name"
              }
            ],
            "private_ip": "10.0.0.194",
            "public_dns": "ec2-35-177-240-231.eu-west-2.compute.amazonaws.com",
            "public_ip": "35.177.240.231",
            "root_block_device": [
              {
                "delete_on_termination": true,
                "device_name": "/dev/xvda",
                "encrypted": false,
                "iops": 3000,
                "kms_key_id": "",
                "tags": {},
                "tags_all": {},
                "throughput": 125,
                "volume_id": "vol-092ef99c8618629bf",
                "volume_size": 8,
                "volume_type": "gp3"
              }
            ],
            "secondary_private_ips": [],
            "security_groups": [
              "sg-01b2c79db3cd12185"
            ],
            "source_dest_check": true,
            "spot_instance_request_id": "",
            "subnet_id": "subnet-0aaabb56304248737",
            "tags": {
              "Name": "SmileEC2Instance"
            },
            "tags_all": {
              "Name": "SmileEC2Instance"
            },
            "tenancy": "default",
            "timeouts": null,
            "user_data": "f20a0a1f206e50a72cb7a94699f006edba2f2924",
            "user_data_base64": null,
            "user_data_replace_on_change": false,
            "volume_tags": null,
            "vpc_security_group_ids": [
              "sg-01b2c79db3cd12185"
            ]
          },
          "sensitive_attributes": [],
          "private": "eyJlMmJmYjczMC1lY2FhLTExZTYtOGY4OC0zNDM2M2JjN2M0YzAiOnsiY3JlYXRlIjo2MDAwMDAwMDAwMDAsImRlbGV0ZSI6MTIwMDAwMDAwMDAwMCwicmVhZCI6OTAwMDAwMDAwMDAwLCJ1cGRhdGUiOjYwMDAwMDAwMDAwMH0sInNjaGVtYV92ZXJzaW9uIjoiMSJ9",
          "dependencies": [
            "module.ec2.aws_iam_instance_profile.ec2_role",
            "module.ec2.aws_iam_role.ec2_role",
            "module.ec2.aws_key_pair.smile_key",
            "module.ec2.data.aws_security_group.default",
            "module.vpc.aws_subnet.public",
            "module.vpc.aws_vpc.main"
          ]
        }
      ]
    },
    {
      "module": "module.ec2",
      "mode": "managed",
      "type": "aws_key_pair",
      "name": "smile_key",
      "provider": "provider[\"registry.terraform.io/hashicorp/aws\"]",
      "instances": [
        {
          "schema_version": 1,
          "attributes": {
            "arn": "arn:aws:ec2:eu-west-2:058264126563:key-pair/smile2",
            "fingerprint": "d2:87:04:93:df:99:1a:98:e2:65:31:58:d8:2b:2c:59",
            "id": "smile2",
            "key_name": "smile2",
            "key_name_prefix": "",
            "key_pair_id": "key-0d1adc1ff07a89488",
            "key_type": "rsa",
            "public_key": "ssh-rsa AAAAB3NzaC1yc2EAAAADAQABAAABAQCjgGdqfBh4IgDZo3mu5iqrBKZY5pKak8z4jFh8em4hew7zRoUFklw9BXctCzv/Xm5QOzyykTJp/su1olRd/zuG4T6sfGdHX9F+3rYSP6ZGt8C/d/yYbVsuXOBZ+jUg34y4F1wYmIJvIM2WCNUmN8WjD4d+MGwRu76OgY8Ng4sBCH1z/XiKvt4bSg4q+JcjxvB5PRzJA7+Nx7S9Y2FFwFPqVpwp12SyoyRk+cQSH125PBxKRXjGdSTgK1fKnCjHUXx7i+zCvf8a1IQsFqcUwSG4TJuby2RKkDUnKCPeOxAVdM5O40zNGB0WG9ZuCyQsNdi7Oo3bGaQ1U5ll/fY12RIL kvural@kvural",
            "tags": null,
            "tags_all": {}
          },
          "sensitive_attributes": [],
          "private": "eyJzY2hlbWFfdmVyc2lvbiI6IjEifQ=="
        }
      ]
    },
    {
      "module": "module.ec2",
      "mode": "managed",
      "type": "aws_security_group_rule",
      "name": "allow_custom_port",
      "provider": "provider[\"registry.terraform.io/hashicorp/aws\"]",
      "instances": [
        {
          "schema_version": 2,
          "attributes": {
            "cidr_blocks": [
              "0.0.0.0/0"
            ],
            "description": null,
            "from_port": 7860,
            "id": "sgrule-1981131182",
            "ipv6_cidr_blocks": null,
            "prefix_list_ids": null,
            "protocol": "tcp",
            "security_group_id": "sg-01b2c79db3cd12185",
            "security_group_rule_id": "sgr-0249afc29953b3459",
            "self": false,
            "source_security_group_id": null,
            "timeouts": null,
            "to_port": 7860,
            "type": "ingress"
          },
          "sensitive_attributes": [],
          "private": "eyJlMmJmYjczMC1lY2FhLTExZTYtOGY4OC0zNDM2M2JjN2M0YzAiOnsiY3JlYXRlIjozMDAwMDAwMDAwMDB9LCJzY2hlbWFfdmVyc2lvbiI6IjIifQ==",
          "dependencies": [
            "module.ec2.data.aws_security_group.default",
            "module.vpc.aws_vpc.main"
          ]
        }
      ]
    },
    {
      "module": "module.ec2",
      "mode": "managed",
      "type": "aws_security_group_rule",
      "name": "allow_http",
      "provider": "provider[\"registry.terraform.io/hashicorp/aws\"]",
      "instances": [
        {
          "schema_version": 2,
          "attributes": {
            "cidr_blocks": [
              "0.0.0.0/0"
            ],
            "description": null,
            "from_port": 80,
            "id": "sgrule-426508386",
            "ipv6_cidr_blocks": null,
            "prefix_list_ids": null,
            "protocol": "tcp",
            "security_group_id": "sg-01b2c79db3cd12185",
            "security_group_rule_id": "sgr-01520b604c946d9cc",
            "self": false,
            "source_security_group_id": null,
            "timeouts": null,
            "to_port": 80,
            "type": "ingress"
          },
          "sensitive_attributes": [],
          "private": "eyJlMmJmYjczMC1lY2FhLTExZTYtOGY4OC0zNDM2M2JjN2M0YzAiOnsiY3JlYXRlIjozMDAwMDAwMDAwMDB9LCJzY2hlbWFfdmVyc2lvbiI6IjIifQ==",
          "dependencies": [
            "module.ec2.data.aws_security_group.default",
            "module.vpc.aws_vpc.main"
          ]
        }
      ]
    },
    {
      "module": "module.ec2",
      "mode": "managed",
      "type": "aws_security_group_rule",
      "name": "allow_https",
      "provider": "provider[\"registry.terraform.io/hashicorp/aws\"]",
      "instances": [
        {
          "schema_version": 2,
          "attributes": {
            "cidr_blocks": [
              "0.0.0.0/0"
            ],
            "description": null,
            "from_port": 443,
            "id": "sgrule-4058542779",
            "ipv6_cidr_blocks": null,
            "prefix_list_ids": null,
            "protocol": "tcp",
            "security_group_id": "sg-01b2c79db3cd12185",
            "security_group_rule_id": "sgr-0a3ab32009500cc7d",
            "self": false,
            "source_security_group_id": null,
            "timeouts": null,
            "to_port": 443,
            "type": "ingress"
          },
          "sensitive_attributes": [],
          "private": "eyJlMmJmYjczMC1lY2FhLTExZTYtOGY4OC0zNDM2M2JjN2M0YzAiOnsiY3JlYXRlIjozMDAwMDAwMDAwMDB9LCJzY2hlbWFfdmVyc2lvbiI6IjIifQ==",
          "dependencies": [
            "module.ec2.data.aws_security_group.default",
            "module.vpc.aws_vpc.main"
          ]
        }
      ]
    },
    {
      "module": "module.ec2",
      "mode": "managed",
      "type": "aws_security_group_rule",
      "name": "allow_ssh",
      "provider": "provider[\"registry.terraform.io/hashicorp/aws\"]",
      "instances": [
        {
          "schema_version": 2,
          "attributes": {
            "cidr_blocks": [
              "0.0.0.0/0"
            ],
            "description": null,
            "from_port": 22,
            "id": "sgrule-2951110103",
            "ipv6_cidr_blocks": null,
            "prefix_list_ids": null,
            "protocol": "tcp",
            "security_group_id": "sg-01b2c79db3cd12185",
            "security_group_rule_id": "sgr-0fd5e9e6fb8e303e4",
            "self": false,
            "source_security_group_id": null,
            "timeouts": null,
            "to_port": 22,
            "type": "ingress"
          },
          "sensitive_attributes": [],
          "private": "eyJlMmJmYjczMC1lY2FhLTExZTYtOGY4OC0zNDM2M2JjN2M0YzAiOnsiY3JlYXRlIjozMDAwMDAwMDAwMDB9LCJzY2hlbWFfdmVyc2lvbiI6IjIifQ==",
          "dependencies": [
            "module.ec2.data.aws_security_group.default",
            "module.vpc.aws_vpc.main"
          ]
        }
      ]
    },
    {
      "module": "module.ec2",
      "mode": "managed",
      "type": "local_file",
      "name": "nginx_conf",
      "provider": "provider[\"registry.terraform.io/hashicorp/local\"]",
      "instances": [
        {
          "schema_version": 0,
          "attributes": {
            "content": "# For more information on configuration, see:\r\n#   * Official English Documentation: http://nginx.org/en/docs/\r\n#   * Official Russian Documentation: http://nginx.org/ru/docs/\r\n\r\nuser nginx;\r\nworker_processes auto;\r\nerror_log /var/log/nginx/error.log notice;\r\npid /run/nginx.pid;\r\n\r\n# Load dynamic modules. See /usr/share/doc/nginx/README.dynamic.\r\ninclude /usr/share/nginx/modules/*.conf;\r\n\r\nevents {\r\n    worker_connections 1024;\r\n}\r\n\r\nhttp {\r\n    log_format  main  '$remote_addr - $remote_user [$time_local] \"$request\" '\r\n                      '$status $body_bytes_sent \"$http_referer\" '\r\n                      '\"$http_user_agent\" \"$http_x_forwarded_for\"';\r\n\r\n    access_log  /var/log/nginx/access.log  main;\r\n\r\n    sendfile            on;\r\n    tcp_nopush          on;\r\n    keepalive_timeout   65;\r\n    types_hash_max_size 4096;\r\n\r\n    include             /etc/nginx/mime.types;\r\n    default_type        application/octet-stream;\r\n\r\n    # Load modular configuration files from the /etc/nginx/conf.d directory.\r\n    # See http://nginx.org/en/docs/ngx_core_module.html#include\r\n    # for more information.\r\n    include /etc/nginx/conf.d/*.conf;\r\n\r\n    server {\r\n\r\n        listen       80;\r\n        listen       [::]:80;\r\n        server_name  _; \r\n        root         /usr/share/nginx/html;\r\n\r\n        # Load configuration files for the default server block.\r\n        include /etc/nginx/default.d/*.conf;\r\n\r\n        error_page 404 /404.html;\r\n\r\n\t# nginx gradio ayarları\r\n        location / {\r\n\tclient_max_body_size 100M; \r\n\tproxy_pass http://127.0.0.1:7860/;\r\n        proxy_buffering off;\r\n        proxy_redirect off;\r\n        proxy_http_version 1.1;\r\n        proxy_set_header Upgrade $http_upgrade;\r\n        proxy_set_header Connection \"upgrade\";\r\n        proxy_set_header Host $host;\r\n        proxy_set_header X-Forwarded-Host $host;\r\n        proxy_set_header X-Forwarded-Proto $scheme;\r\n}\r\n        location = /404.html {\r\n        }\r\n\r\n        error_page 500 502 503 504 /50x.html;\r\n        location = /50x.html {\r\n        }\r\n    }\r\n\r\n# Settings for a TLS enabled server.\r\n#\r\n#    server {\r\n#        listen       443 ssl http2;\r\n#        listen       [::]:443 ssl http2;\r\n#        server_name  _;\r\n#        root         /usr/share/nginx/html;\r\n#\r\n#        ssl_certificate \"/etc/pki/nginx/server.crt\";\r\n#        ssl_certificate_key \"/etc/pki/nginx/private/server.key\";\r\n#        ssl_session_cache shared:SSL:1m;\r\n#        ssl_session_timeout  10m;\r\n#        ssl_ciphers PROFILE=SYSTEM;\r\n#        ssl_prefer_server_ciphers on;\r\n#\r\n#        # Load configuration files for the default server block.\r\n#        include /etc/nginx/default.d/*.conf;\r\n#\r\n#        error_page 404 /404.html;\r\n#        location = /404.html {\r\n#        }\r\n#\r\n#        error_page 500 502 503 504 /50x.html;\r\n#        location = /50x.html {\r\n#        }\r\n#    }\r\n\r\n}",
            "content_base64": null,
            "content_base64sha256": "9GKHlsniYZCDVF03tv+mBiVp78ybHKyzY5f7ljBbgsI=",
            "content_base64sha512": "ydQO1xcpn4HAOZ2jl2tFq3stW6dFr0D4hnZH8ucH42JUhkYAyqz81rWwfw+Dfn2BuM1tDdN+qRcVroefcY/JCQ==",
            "content_md5": "238e1c952aafe197aca878089c28fdb7",
            "content_sha1": "f04ae3c04256b3178f56a649b339e3df376aab49",
            "content_sha256": "f4628796c9e2619083545d37b6ffa6062569efcc9b1cacb36397fb96305b82c2",
            "content_sha512": "c9d40ed717299f81c0399da3976b45ab7b2d5ba745af40f8867647f2e707e36254864600caacfcd6b5b07f0f837e7d81b8cd6d0dd37ea91715ae879f718fc909",
            "directory_permission": "0777",
            "file_permission": "0777",
            "filename": "modules/ec2/nginx.conf",
            "id": "f04ae3c04256b3178f56a649b339e3df376aab49",
            "sensitive_content": null,
            "source": null
          },
          "sensitive_attributes": [
            [
              {
                "type": "get_attr",
                "value": "sensitive_content"
              }
            ]
          ]
        }
      ]
    },
    {
      "module": "module.s3",
      "mode": "managed",
      "type": "aws_s3_bucket",
      "name": "main",
      "provider": "provider[\"registry.terraform.io/hashicorp/aws\"]",
      "instances": [
        {
          "schema_version": 0,
          "attributes": {
            "acceleration_status": "",
            "acl": null,
            "arn": "arn:aws:s3:::kntbucketlondon",
            "bucket": "kntbucketlondon",
            "bucket_domain_name": "kntbucketlondon.s3.amazonaws.com",
            "bucket_prefix": "",
            "bucket_regional_domain_name": "kntbucketlondon.s3.eu-west-2.amazonaws.com",
            "cors_rule": [],
            "force_destroy": false,
            "grant": [
              {
                "id": "fe1e8fe46fc6331795fdb4fb2583097f845443d048fb2ed9b274e755435b1398",
                "permissions": [
                  "FULL_CONTROL"
                ],
                "type": "CanonicalUser",
                "uri": ""
              }
            ],
            "hosted_zone_id": "Z3GKZC51ZF0DB4",
            "id": "kntbucketlondon",
            "lifecycle_rule": [],
            "logging": [],
            "object_lock_configuration": [],
            "object_lock_enabled": false,
            "policy": "",
            "region": "eu-west-2",
            "replication_configuration": [],
            "request_payer": "BucketOwner",
            "server_side_encryption_configuration": [
              {
                "rule": [
                  {
                    "apply_server_side_encryption_by_default": [
                      {
                        "kms_master_key_id": "",
                        "sse_algorithm": "AES256"
                      }
                    ],
                    "bucket_key_enabled": false
                  }
                ]
              }
            ],
            "tags": {
              "Name": "kntbucketlondon"
            },
            "tags_all": {
              "Name": "kntbucketlondon"
            },
            "timeouts": null,
            "versioning": [
              {
                "enabled": false,
                "mfa_delete": false
              }
            ],
            "website": [],
            "website_domain": null,
            "website_endpoint": null
          },
          "sensitive_attributes": [],
          "private": "eyJlMmJmYjczMC1lY2FhLTExZTYtOGY4OC0zNDM2M2JjN2M0YzAiOnsiY3JlYXRlIjoxMjAwMDAwMDAwMDAwLCJkZWxldGUiOjM2MDAwMDAwMDAwMDAsInJlYWQiOjEyMDAwMDAwMDAwMDAsInVwZGF0ZSI6MTIwMDAwMDAwMDAwMH19"
        }
      ]
    },
    {
      "module": "module.vpc",
      "mode": "managed",
      "type": "aws_internet_gateway",
      "name": "main",
      "provider": "provider[\"registry.terraform.io/hashicorp/aws\"]",
      "instances": [
        {
          "schema_version": 0,
          "attributes": {
            "arn": "arn:aws:ec2:eu-west-2:058264126563:internet-gateway/igw-00d2840cd03e95485",
            "id": "igw-00d2840cd03e95485",
            "owner_id": "058264126563",
            "tags": {
              "Name": "smile-igw"
            },
            "tags_all": {
              "Name": "smile-igw"
            },
            "timeouts": null,
            "vpc_id": "vpc-0cf9762367d8ec386"
          },
          "sensitive_attributes": [],
          "private": "eyJlMmJmYjczMC1lY2FhLTExZTYtOGY4OC0zNDM2M2JjN2M0YzAiOnsiY3JlYXRlIjoxMjAwMDAwMDAwMDAwLCJkZWxldGUiOjEyMDAwMDAwMDAwMDAsInVwZGF0ZSI6MTIwMDAwMDAwMDAwMH19",
          "dependencies": [
            "module.vpc.aws_vpc.main"
          ]
        }
      ]
    },
    {
      "module": "module.vpc",
      "mode": "managed",
      "type": "aws_route_table",
      "name": "public",
      "provider": "provider[\"registry.terraform.io/hashicorp/aws\"]",
      "instances": [
        {
          "schema_version": 0,
          "attributes": {
            "arn": "arn:aws:ec2:eu-west-2:058264126563:route-table/rtb-0f71bf57f9c956e73",
            "id": "rtb-0f71bf57f9c956e73",
            "owner_id": "058264126563",
            "propagating_vgws": [],
            "route": [
              {
                "carrier_gateway_id": "",
                "cidr_block": "0.0.0.0/0",
                "core_network_arn": "",
                "destination_prefix_list_id": "",
                "egress_only_gateway_id": "",
                "gateway_id": "igw-00d2840cd03e95485",
                "ipv6_cidr_block": "",
                "local_gateway_id": "",
                "nat_gateway_id": "",
                "network_interface_id": "",
                "transit_gateway_id": "",
                "vpc_endpoint_id": "",
                "vpc_peering_connection_id": ""
              }
            ],
            "tags": {
              "Name": "smile-public-rtb"
            },
            "tags_all": {
              "Name": "smile-public-rtb"
            },
            "timeouts": null,
            "vpc_id": "vpc-0cf9762367d8ec386"
          },
          "sensitive_attributes": [],
          "private": "eyJlMmJmYjczMC1lY2FhLTExZTYtOGY4OC0zNDM2M2JjN2M0YzAiOnsiY3JlYXRlIjozMDAwMDAwMDAwMDAsImRlbGV0ZSI6MzAwMDAwMDAwMDAwLCJ1cGRhdGUiOjEyMDAwMDAwMDAwMH19",
          "dependencies": [
            "module.vpc.aws_internet_gateway.main",
            "module.vpc.aws_vpc.main"
          ]
        }
      ]
    },
    {
      "module": "module.vpc",
      "mode": "managed",
      "type": "aws_route_table_association",
      "name": "public",
      "provider": "provider[\"registry.terraform.io/hashicorp/aws\"]",
      "instances": [
        {
          "index_key": 0,
          "schema_version": 0,
          "attributes": {
            "gateway_id": "",
            "id": "rtbassoc-04256ad533a416f22",
            "route_table_id": "rtb-0f71bf57f9c956e73",
            "subnet_id": "subnet-0aaabb56304248737",
            "timeouts": null
          },
          "sensitive_attributes": [],
          "private": "eyJlMmJmYjczMC1lY2FhLTExZTYtOGY4OC0zNDM2M2JjN2M0YzAiOnsiY3JlYXRlIjozMDAwMDAwMDAwMDAsImRlbGV0ZSI6MzAwMDAwMDAwMDAwLCJ1cGRhdGUiOjEyMDAwMDAwMDAwMH19",
          "dependencies": [
            "module.vpc.aws_internet_gateway.main",
            "module.vpc.aws_route_table.public",
            "module.vpc.aws_subnet.public",
            "module.vpc.aws_vpc.main"
          ]
        },
        {
          "index_key": 1,
          "schema_version": 0,
          "attributes": {
            "gateway_id": "",
            "id": "rtbassoc-0ab31dddcad6af954",
            "route_table_id": "rtb-0f71bf57f9c956e73",
            "subnet_id": "subnet-0dd98ce6261291a8a",
            "timeouts": null
          },
          "sensitive_attributes": [],
          "private": "eyJlMmJmYjczMC1lY2FhLTExZTYtOGY4OC0zNDM2M2JjN2M0YzAiOnsiY3JlYXRlIjozMDAwMDAwMDAwMDAsImRlbGV0ZSI6MzAwMDAwMDAwMDAwLCJ1cGRhdGUiOjEyMDAwMDAwMDAwMH19",
          "dependencies": [
            "module.vpc.aws_internet_gateway.main",
            "module.vpc.aws_route_table.public",
            "module.vpc.aws_subnet.public",
            "module.vpc.aws_vpc.main"
          ]
        },
        {
          "index_key": 2,
          "schema_version": 0,
          "attributes": {
            "gateway_id": "",
            "id": "rtbassoc-0ed3100c13cf7e33b",
            "route_table_id": "rtb-0f71bf57f9c956e73",
            "subnet_id": "subnet-088bd26253bd11ab1",
            "timeouts": null
          },
          "sensitive_attributes": [],
          "private": "eyJlMmJmYjczMC1lY2FhLTExZTYtOGY4OC0zNDM2M2JjN2M0YzAiOnsiY3JlYXRlIjozMDAwMDAwMDAwMDAsImRlbGV0ZSI6MzAwMDAwMDAwMDAwLCJ1cGRhdGUiOjEyMDAwMDAwMDAwMH19",
          "dependencies": [
            "module.vpc.aws_internet_gateway.main",
            "module.vpc.aws_route_table.public",
            "module.vpc.aws_subnet.public",
            "module.vpc.aws_vpc.main"
          ]
        }
      ]
    },
    {
      "module": "module.vpc",
      "mode": "managed",
      "type": "aws_subnet",
      "name": "public",
      "provider": "provider[\"registry.terraform.io/hashicorp/aws\"]",
      "instances": [
        {
          "index_key": 0,
          "schema_version": 1,
          "attributes": {
            "arn": "arn:aws:ec2:eu-west-2:058264126563:subnet/subnet-0aaabb56304248737",
            "assign_ipv6_address_on_creation": false,
            "availability_zone": "eu-west-2a",
            "availability_zone_id": "euw2-az2",
            "cidr_block": "10.0.0.0/24",
            "customer_owned_ipv4_pool": "",
            "enable_dns64": false,
            "enable_lni_at_device_index": 0,
            "enable_resource_name_dns_a_record_on_launch": false,
            "enable_resource_name_dns_aaaa_record_on_launch": false,
            "id": "subnet-0aaabb56304248737",
            "ipv6_cidr_block": "",
            "ipv6_cidr_block_association_id": "",
            "ipv6_native": false,
            "map_customer_owned_ip_on_launch": false,
            "map_public_ip_on_launch": true,
            "outpost_arn": "",
            "owner_id": "058264126563",
            "private_dns_hostname_type_on_launch": "ip-name",
            "tags": {
              "Name": "public_subnet_a"
            },
            "tags_all": {
              "Name": "public_subnet_a"
            },
            "timeouts": null,
            "vpc_id": "vpc-0cf9762367d8ec386"
          },
          "sensitive_attributes": [],
          "private": "eyJlMmJmYjczMC1lY2FhLTExZTYtOGY4OC0zNDM2M2JjN2M0YzAiOnsiY3JlYXRlIjo2MDAwMDAwMDAwMDAsImRlbGV0ZSI6MTIwMDAwMDAwMDAwMH0sInNjaGVtYV92ZXJzaW9uIjoiMSJ9",
          "dependencies": [
            "module.vpc.aws_vpc.main"
          ]
        },
        {
          "index_key": 1,
          "schema_version": 1,
          "attributes": {
            "arn": "arn:aws:ec2:eu-west-2:058264126563:subnet/subnet-0dd98ce6261291a8a",
            "assign_ipv6_address_on_creation": false,
            "availability_zone": "eu-west-2b",
            "availability_zone_id": "euw2-az3",
            "cidr_block": "10.0.1.0/24",
            "customer_owned_ipv4_pool": "",
            "enable_dns64": false,
            "enable_lni_at_device_index": 0,
            "enable_resource_name_dns_a_record_on_launch": false,
            "enable_resource_name_dns_aaaa_record_on_launch": false,
            "id": "subnet-0dd98ce6261291a8a",
            "ipv6_cidr_block": "",
            "ipv6_cidr_block_association_id": "",
            "ipv6_native": false,
            "map_customer_owned_ip_on_launch": false,
            "map_public_ip_on_launch": true,
            "outpost_arn": "",
            "owner_id": "058264126563",
            "private_dns_hostname_type_on_launch": "ip-name",
            "tags": {
              "Name": "public_subnet_b"
            },
            "tags_all": {
              "Name": "public_subnet_b"
            },
            "timeouts": null,
            "vpc_id": "vpc-0cf9762367d8ec386"
          },
          "sensitive_attributes": [],
          "private": "eyJlMmJmYjczMC1lY2FhLTExZTYtOGY4OC0zNDM2M2JjN2M0YzAiOnsiY3JlYXRlIjo2MDAwMDAwMDAwMDAsImRlbGV0ZSI6MTIwMDAwMDAwMDAwMH0sInNjaGVtYV92ZXJzaW9uIjoiMSJ9",
          "dependencies": [
            "module.vpc.aws_vpc.main"
          ]
        },
        {
          "index_key": 2,
          "schema_version": 1,
          "attributes": {
            "arn": "arn:aws:ec2:eu-west-2:058264126563:subnet/subnet-088bd26253bd11ab1",
            "assign_ipv6_address_on_creation": false,
            "availability_zone": "eu-west-2c",
            "availability_zone_id": "euw2-az1",
            "cidr_block": "10.0.2.0/24",
            "customer_owned_ipv4_pool": "",
            "enable_dns64": false,
            "enable_lni_at_device_index": 0,
            "enable_resource_name_dns_a_record_on_launch": false,
            "enable_resource_name_dns_aaaa_record_on_launch": false,
            "id": "subnet-088bd26253bd11ab1",
            "ipv6_cidr_block": "",
            "ipv6_cidr_block_association_id": "",
            "ipv6_native": false,
            "map_customer_owned_ip_on_launch": false,
            "map_public_ip_on_launch": true,
            "outpost_arn": "",
            "owner_id": "058264126563",
            "private_dns_hostname_type_on_launch": "ip-name",
            "tags": {
              "Name": "public_subnet_c"
            },
            "tags_all": {
              "Name": "public_subnet_c"
            },
            "timeouts": null,
            "vpc_id": "vpc-0cf9762367d8ec386"
          },
          "sensitive_attributes": [],
          "private": "eyJlMmJmYjczMC1lY2FhLTExZTYtOGY4OC0zNDM2M2JjN2M0YzAiOnsiY3JlYXRlIjo2MDAwMDAwMDAwMDAsImRlbGV0ZSI6MTIwMDAwMDAwMDAwMH0sInNjaGVtYV92ZXJzaW9uIjoiMSJ9",
          "dependencies": [
            "module.vpc.aws_vpc.main"
          ]
        }
      ]
    },
    {
      "module": "module.vpc",
      "mode": "managed",
      "type": "aws_vpc",
      "name": "main",
      "provider": "provider[\"registry.terraform.io/hashicorp/aws\"]",
      "instances": [
        {
          "schema_version": 1,
          "attributes": {
            "arn": "arn:aws:ec2:eu-west-2:058264126563:vpc/vpc-0cf9762367d8ec386",
            "assign_generated_ipv6_cidr_block": false,
            "cidr_block": "10.0.0.0/16",
            "default_network_acl_id": "acl-0b7deadc40b5b3e04",
            "default_route_table_id": "rtb-0a84ed9a560a09f04",
            "default_security_group_id": "sg-01b2c79db3cd12185",
            "dhcp_options_id": "dopt-067e8a013f2fd8da1",
            "enable_dns_hostnames": true,
            "enable_dns_support": true,
            "enable_network_address_usage_metrics": false,
            "id": "vpc-0cf9762367d8ec386",
            "instance_tenancy": "default",
            "ipv4_ipam_pool_id": null,
            "ipv4_netmask_length": null,
            "ipv6_association_id": "",
            "ipv6_cidr_block": "",
            "ipv6_cidr_block_network_border_group": "",
            "ipv6_ipam_pool_id": "",
            "ipv6_netmask_length": 0,
            "main_route_table_id": "rtb-0a84ed9a560a09f04",
            "owner_id": "058264126563",
            "tags": {
              "Name": "smile-vpc"
            },
            "tags_all": {
              "Name": "smile-vpc"
            }
          },
          "sensitive_attributes": [],
          "private": "eyJzY2hlbWFfdmVyc2lvbiI6IjEifQ=="
        }
      ]
    },
    {
      "module": "module.vpc",
      "mode": "managed",
      "type": "aws_vpc_endpoint",
      "name": "dynamodb",
      "provider": "provider[\"registry.terraform.io/hashicorp/aws\"]",
      "instances": [
        {
          "schema_version": 0,
          "attributes": {
            "arn": "arn:aws:ec2:eu-west-2:058264126563:vpc-endpoint/vpce-00ffe4faa8b4096c9",
            "auto_accept": null,
            "cidr_blocks": [
              "35.71.111.0/25",
              "52.94.15.0/24",
              "35.71.111.128/26"
            ],
            "dns_entry": [],
            "dns_options": [],
            "id": "vpce-00ffe4faa8b4096c9",
            "ip_address_type": "",
            "network_interface_ids": [],
            "owner_id": "058264126563",
            "policy": "{\"Statement\":[{\"Action\":\"*\",\"Effect\":\"Allow\",\"Principal\":\"*\",\"Resource\":\"*\"}],\"Version\":\"2008-10-17\"}",
            "prefix_list_id": "pl-b3a742da",
            "private_dns_enabled": false,
            "requester_managed": false,
            "route_table_ids": [
              "rtb-0f71bf57f9c956e73"
            ],
            "security_group_ids": [],
            "service_name": "com.amazonaws.eu-west-2.dynamodb",
            "state": "available",
            "subnet_configuration": [],
            "subnet_ids": [],
            "tags": {
              "Name": "smile-dynamodb-endpoint"
            },
            "tags_all": {
              "Name": "smile-dynamodb-endpoint"
            },
            "timeouts": null,
            "vpc_endpoint_type": "Gateway",
            "vpc_id": "vpc-0cf9762367d8ec386"
          },
          "sensitive_attributes": [],
          "private": "eyJlMmJmYjczMC1lY2FhLTExZTYtOGY4OC0zNDM2M2JjN2M0YzAiOnsiY3JlYXRlIjo2MDAwMDAwMDAwMDAsImRlbGV0ZSI6NjAwMDAwMDAwMDAwLCJ1cGRhdGUiOjYwMDAwMDAwMDAwMH19",
          "dependencies": [
            "module.vpc.aws_internet_gateway.main",
            "module.vpc.aws_route_table.public",
            "module.vpc.aws_vpc.main"
          ]
        }
      ]
    },
    {
      "module": "module.vpc",
      "mode": "managed",
      "type": "aws_vpc_endpoint",
      "name": "s3",
      "provider": "provider[\"registry.terraform.io/hashicorp/aws\"]",
      "instances": [
        {
          "schema_version": 0,
          "attributes": {
            "arn": "arn:aws:ec2:eu-west-2:058264126563:vpc-endpoint/vpce-0b567d9bce8076d39",
            "auto_accept": null,
            "cidr_blocks": [
              "52.95.150.0/24",
              "52.95.191.0/24",
              "52.95.142.0/23",
              "16.12.16.0/23",
              "3.5.244.0/22",
              "52.219.219.0/24",
              "52.95.144.0/24",
              "52.95.148.0/23",
              "16.12.15.0/24"
            ],
            "dns_entry": [],
            "dns_options": [],
            "id": "vpce-0b567d9bce8076d39",
            "ip_address_type": "",
            "network_interface_ids": [],
            "owner_id": "058264126563",
            "policy": "{\"Statement\":[{\"Action\":\"*\",\"Effect\":\"Allow\",\"Principal\":\"*\",\"Resource\":\"*\"}],\"Version\":\"2008-10-17\"}",
            "prefix_list_id": "pl-7ca54015",
            "private_dns_enabled": false,
            "requester_managed": false,
            "route_table_ids": [
              "rtb-0f71bf57f9c956e73"
            ],
            "security_group_ids": [],
            "service_name": "com.amazonaws.eu-west-2.s3",
            "state": "available",
            "subnet_configuration": [],
            "subnet_ids": [],
            "tags": {
              "Name": "smile-s3-endpoint"
            },
            "tags_all": {
              "Name": "smile-s3-endpoint"
            },
            "timeouts": null,
            "vpc_endpoint_type": "Gateway",
            "vpc_id": "vpc-0cf9762367d8ec386"
          },
          "sensitive_attributes": [],
          "private": "eyJlMmJmYjczMC1lY2FhLTExZTYtOGY4OC0zNDM2M2JjN2M0YzAiOnsiY3JlYXRlIjo2MDAwMDAwMDAwMDAsImRlbGV0ZSI6NjAwMDAwMDAwMDAwLCJ1cGRhdGUiOjYwMDAwMDAwMDAwMH19",
          "dependencies": [
            "module.vpc.aws_internet_gateway.main",
            "module.vpc.aws_route_table.public",
            "module.vpc.aws_vpc.main"
          ]
        }
      ]
    }
  ],
  "check_results": null
}
